
Microsoft Visual Studio Solution File, Format Version 12.00
# Visual Studio Version 17
VisualStudioVersion = 17.9.34728.123
MinimumVisualStudioVersion = 10.0.40219.1
Project("{8BC9CEB8-8B4A-11D0-8D11-00A0C91BC942}") = "Sandbox", "Sandbox\Sandbox.vcxproj", "{A0AA68F0-BB5F-4742-81DF-72091F5DCBA1}"
EndProject
Project("{8BC9CEB8-8B4A-11D0-8D11-00A0C91BC942}") = "so-so", "so-so\so-so.vcxproj", "{3521ABE2-97D0-4F69-88FF-C80BAD240F9B}"
EndProject
Global
	GlobalSection(SolutionConfigurationPlatforms) = preSolution
		Debug|x64 = Debug|x64
		Release|x64 = Release|x64
	EndGlobalSection
	GlobalSection(ProjectConfigurationPlatforms) = postSolution
		{3521ABE2-97D0-4F69-88FF-C80BAD240F9B}.Debug|x64.ActiveCfg = Debug|x64
		{3521ABE2-97D0-4F69-88FF-C80BAD240F9B}.Debug|x64.Build.0 = Debug|x64
		{3521ABE2-97D0-4F69-88FF-C80BAD240F9B}.Release|x64.ActiveCfg = Debug|x64
		{3521ABE2-97D0-4F69-88FF-C80BAD240F9B}.Release|x64.Build.0 = Debug|x64
		{A0AA68F0-BB5F-4742-81DF-72091F5DCBA1}.Debug|x64.ActiveCfg = Debug|x64
		{A0AA68F0-BB5F-4742-81DF-72091F5DCBA1}.Debug|x64.Build.0 = Debug|x64
		{A0AA68F0-BB5F-4742-81DF-72091F5DCBA1}.Release|x64.ActiveCfg = Release|x64
		{A0AA68F0-BB5F-4742-81DF-72091F5DCBA1}.Release|x64.Build.0 = Release|x64
	EndGlobalSection
	GlobalSection(SolutionProperties) = preSolution
		HideSolutionNode = FALSE
	EndGlobalSection
	GlobalSection(ExtensibilityGlobals) = postSolution
		SolutionGuid = {D354B8F4-ACCA-4EF7-8026-C8165955A441}
	EndGlobalSection
EndGlobal
